
Microsoft Visual Studio Solution File, Format Version 12.00
# Visual Studio Version 17
VisualStudioVersion = 17.4.33205.214
MinimumVisualStudioVersion = 10.0.40219.1
Project("{9A19103F-16F7-4668-BE54-9A1E7A4F7556}") = "InspireAdminConsole", "src\InspireAdminConsole.csproj", "{A95F7F0D-B275-4FE1-8207-EFE3F56CA3D6}"
EndProject
Project("{9A19103F-16F7-4668-BE54-9A1E7A4F7556}") = "InnspireAdminConsoleTest", "test\InnspireAdminConsoleTest\InnspireAdminConsoleTest.csproj", "{719D6DF3-42CA-46A9-B77C-267434E24086}"
EndProject
Global
	GlobalSection(SolutionConfigurationPlatforms) = preSolution
		Debug|Any CPU = Debug|Any CPU
		Release|Any CPU = Release|Any CPU
	EndGlobalSection
	GlobalSection(ProjectConfigurationPlatforms) = postSolution
		{A95F7F0D-B275-4FE1-8207-EFE3F56CA3D6}.Debug|Any CPU.ActiveCfg = Debug|Any CPU
		{A95F7F0D-B275-4FE1-8207-EFE3F56CA3D6}.Debug|Any CPU.Build.0 = Debug|Any CPU
		{A95F7F0D-B275-4FE1-8207-EFE3F56CA3D6}.Release|Any CPU.ActiveCfg = Release|Any CPU
		{A95F7F0D-B275-4FE1-8207-EFE3F56CA3D6}.Release|Any CPU.Build.0 = Release|Any CPU
		{719D6DF3-42CA-46A9-B77C-267434E24086}.Debug|Any CPU.ActiveCfg = Debug|Any CPU
		{719D6DF3-42CA-46A9-B77C-267434E24086}.Debug|Any CPU.Build.0 = Debug|Any CPU
		{719D6DF3-42CA-46A9-B77C-267434E24086}.Release|Any CPU.ActiveCfg = Release|Any CPU
		{719D6DF3-42CA-46A9-B77C-267434E24086}.Release|Any CPU.Build.0 = Release|Any CPU
	EndGlobalSection
	GlobalSection(SolutionProperties) = preSolution
		HideSolutionNode = FALSE
	EndGlobalSection
	GlobalSection(ExtensibilityGlobals) = postSolution
		SolutionGuid = {E6C5BFF8-C487-4BF3-9A96-2B840C7B88C0}
	EndGlobalSection
EndGlobal
